
Microsoft Visual Studio Solution File, Format Version 12.00
# Visual Studio Version 17
VisualStudioVersion = 17.0.31903.59
MinimumVisualStudioVersion = 10.0.40219.1
Project("{2150E333-8FDC-42A3-9474-1A3956D46DE8}") = "LanguageBasics", "LanguageBasics", "{3527A341-8E45-098F-D01C-90881C9ACF29}"
EndProject
Project("{2150E333-8FDC-42A3-9474-1A3956D46DE8}") = "variables_and_datatypes", "variables_and_datatypes", "{5AA90EAB-2210-43D2-62C5-1F3A7D321F7F}"
EndProject
Project("{FAE04EC0-301F-11D3-BF4B-00C04F79EFBC}") = "ConsoleApp", "LanguageBasics\variables_and_datatypes\ConsoleApp\ConsoleApp.csproj", "{927763C8-782C-4846-9F01-E57095161645}"
EndProject
Project("{FAE04EC0-301F-11D3-BF4B-00C04F79EFBC}") = "ConsoleApp", "LanguageBasics\arithmetics\ConsoleApp\ConsoleApp.csproj", "{F35782ED-B6C6-4698-B291-15DCF6E460D6}"
EndProject
Project("{2150E333-8FDC-42A3-9474-1A3956D46DE8}") = "arithmetics", "arithmetics", "{02EA681E-C7D8-13C7-8484-4AC65E1B71E8}"
EndProject
Project("{2150E333-8FDC-42A3-9474-1A3956D46DE8}") = "ControlFlow", "ControlFlow", "{B0BA1DA7-754B-4A9D-8ABB-4C09AD783165}"
EndProject
Project("{2150E333-8FDC-42A3-9474-1A3956D46DE8}") = "conditions", "conditions", "{FD457307-E9F0-4CE6-B234-B459BA922601}"
EndProject
Project("{FAE04EC0-301F-11D3-BF4B-00C04F79EFBC}") = "ConsoleApp", "ControlFlow\conditions\ConsoleApp\ConsoleApp.csproj", "{4D1E20FC-4A0F-496C-A20B-4777FB67DBB0}"
EndProject
Project("{2150E333-8FDC-42A3-9474-1A3956D46DE8}") = "loops", "loops", "{32C8DD87-DDE5-4F35-AF5F-8D8787B008F6}"
EndProject
Project("{FAE04EC0-301F-11D3-BF4B-00C04F79EFBC}") = "ConsoleApp", "ControlFlow\loops\ConsoleApp\ConsoleApp.csproj", "{A531D016-29DD-44EB-A69C-0852AB276A7F}"
EndProject
Project("{2150E333-8FDC-42A3-9474-1A3956D46DE8}") = "ObjectOriented", "ObjectOriented", "{B18BAE26-692C-4B46-B472-647D44F10CC6}"
EndProject
Project("{2150E333-8FDC-42A3-9474-1A3956D46DE8}") = "modeling", "modeling", "{C7C6673D-69DE-4021-9F7D-7F7294658D69}"
EndProject
Project("{FAE04EC0-301F-11D3-BF4B-00C04F79EFBC}") = "ConsoleApp", "ObjectOriented\modeling\ConsoleApp\ConsoleApp.csproj", "{5BB8BDF1-935A-4666-82B0-F32FB027FA47}"
EndProject
Project("{2150E333-8FDC-42A3-9474-1A3956D46DE8}") = "inheritance", "inheritance", "{312708E3-F1A9-40E0-A4C2-8C6467002E3F}"
EndProject
Project("{FAE04EC0-301F-11D3-BF4B-00C04F79EFBC}") = "ConsoleApp", "ObjectOriented\inheritance\ConsoleApp\ConsoleApp.csproj", "{225812D3-AF75-448F-9BC8-8DDEBA7AFB75}"
EndProject
Project("{2150E333-8FDC-42A3-9474-1A3956D46DE8}") = "ErrorHandling", "ErrorHandling", "{BAD81C7B-F7F9-4129-9B93-1F8AA12BEB54}"
EndProject
Project("{2150E333-8FDC-42A3-9474-1A3956D46DE8}") = "try_catch_finally", "try_catch_finally", "{68C291FB-673D-4E63-A2C1-F59CEA1EE430}"
EndProject
Project("{FAE04EC0-301F-11D3-BF4B-00C04F79EFBC}") = "ConsoleApp", "ErrorHandling\try_catch_finally\ConsoleApp\ConsoleApp.csproj", "{29B89BEE-9003-49B5-987A-14FD4D3B7D2C}"
EndProject
Project("{2150E333-8FDC-42A3-9474-1A3956D46DE8}") = "custom_exceptions", "custom_exceptions", "{9FB6837C-2F14-483B-8B6B-F173571ADEBC}"
EndProject
Project("{FAE04EC0-301F-11D3-BF4B-00C04F79EFBC}") = "ConsoleApp", "ErrorHandling\custom_exceptions\ConsoleApp\ConsoleApp.csproj", "{ADDCE845-7702-4ACB-A77C-71A872461F74}"
EndProject
Project("{2150E333-8FDC-42A3-9474-1A3956D46DE8}") = "Collections", "Collections", "{4579B13D-40CA-40A7-B9E6-C306086876B0}"
EndProject
Project("{2150E333-8FDC-42A3-9474-1A3956D46DE8}") = "list", "list", "{D1133D15-0CB2-41BA-9395-294FAF3A1F70}"
EndProject
Project("{FAE04EC0-301F-11D3-BF4B-00C04F79EFBC}") = "ConsoleApp", "Collections\list\ConsoleApp\ConsoleApp.csproj", "{87BECC38-3F9B-40A5-8E77-AAFB1F5CE400}"
EndProject
Project("{2150E333-8FDC-42A3-9474-1A3956D46DE8}") = "dictionary", "dictionary", "{E253604B-CF3C-40BD-85DF-9F2C7316373A}"
EndProject
Project("{FAE04EC0-301F-11D3-BF4B-00C04F79EFBC}") = "ConsoleApp", "Collections\dictionary\ConsoleApp\ConsoleApp.csproj", "{0A287B6B-C648-4358-BFCF-E8A5A3274D62}"
EndProject
Project("{2150E333-8FDC-42A3-9474-1A3956D46DE8}") = "queue", "queue", "{6A4306F9-94D9-4001-8B3B-3EE451E4D3DD}"
EndProject
Project("{FAE04EC0-301F-11D3-BF4B-00C04F79EFBC}") = "ConsoleApp", "Collections\queue\ConsoleApp\ConsoleApp.csproj", "{E45854BE-3DE5-4A82-892A-81D6AB11D603}"
EndProject
Project("{2150E333-8FDC-42A3-9474-1A3956D46DE8}") = "stack", "stack", "{06DD160F-3AFF-4FB9-816C-5B987B1BD101}"
EndProject
Project("{FAE04EC0-301F-11D3-BF4B-00C04F79EFBC}") = "ConsoleApp", "Collections\stack\ConsoleApp\ConsoleApp.csproj", "{1AB2A2C2-E822-4BC6-9A03-6E0AEDFDC89B}"
EndProject
Project("{2150E333-8FDC-42A3-9474-1A3956D46DE8}") = "hashset", "hashset", "{E0F5FCDD-1BD3-4B58-A2B3-97ABEEF330EC}"
EndProject
Project("{FAE04EC0-301F-11D3-BF4B-00C04F79EFBC}") = "ConsoleApp", "Collections\hashset\ConsoleApp\ConsoleApp.csproj", "{8515D9A7-350A-420A-A8B3-9873D16C5FD9}"
EndProject
Global
	GlobalSection(SolutionConfigurationPlatforms) = preSolution
		Debug|Any CPU = Debug|Any CPU
		Debug|x64 = Debug|x64
		Debug|x86 = Debug|x86
		Release|Any CPU = Release|Any CPU
		Release|x64 = Release|x64
		Release|x86 = Release|x86
	EndGlobalSection
	GlobalSection(ProjectConfigurationPlatforms) = postSolution
		{927763C8-782C-4846-9F01-E57095161645}.Debug|Any CPU.ActiveCfg = Debug|Any CPU
		{927763C8-782C-4846-9F01-E57095161645}.Debug|Any CPU.Build.0 = Debug|Any CPU
		{927763C8-782C-4846-9F01-E57095161645}.Debug|x64.ActiveCfg = Debug|Any CPU
		{927763C8-782C-4846-9F01-E57095161645}.Debug|x64.Build.0 = Debug|Any CPU
		{927763C8-782C-4846-9F01-E57095161645}.Debug|x86.ActiveCfg = Debug|Any CPU
		{927763C8-782C-4846-9F01-E57095161645}.Debug|x86.Build.0 = Debug|Any CPU
		{927763C8-782C-4846-9F01-E57095161645}.Release|Any CPU.ActiveCfg = Release|Any CPU
		{927763C8-782C-4846-9F01-E57095161645}.Release|Any CPU.Build.0 = Release|Any CPU
		{927763C8-782C-4846-9F01-E57095161645}.Release|x64.ActiveCfg = Release|Any CPU
		{927763C8-782C-4846-9F01-E57095161645}.Release|x64.Build.0 = Release|Any CPU
		{927763C8-782C-4846-9F01-E57095161645}.Release|x86.ActiveCfg = Release|Any CPU
		{927763C8-782C-4846-9F01-E57095161645}.Release|x86.Build.0 = Release|Any CPU
		{F35782ED-B6C6-4698-B291-15DCF6E460D6}.Debug|Any CPU.ActiveCfg = Debug|Any CPU
		{F35782ED-B6C6-4698-B291-15DCF6E460D6}.Debug|Any CPU.Build.0 = Debug|Any CPU
		{F35782ED-B6C6-4698-B291-15DCF6E460D6}.Debug|x64.ActiveCfg = Debug|Any CPU
		{F35782ED-B6C6-4698-B291-15DCF6E460D6}.Debug|x64.Build.0 = Debug|Any CPU
		{F35782ED-B6C6-4698-B291-15DCF6E460D6}.Debug|x86.ActiveCfg = Debug|Any CPU
		{F35782ED-B6C6-4698-B291-15DCF6E460D6}.Debug|x86.Build.0 = Debug|Any CPU
		{F35782ED-B6C6-4698-B291-15DCF6E460D6}.Release|Any CPU.ActiveCfg = Release|Any CPU
		{F35782ED-B6C6-4698-B291-15DCF6E460D6}.Release|Any CPU.Build.0 = Release|Any CPU
		{F35782ED-B6C6-4698-B291-15DCF6E460D6}.Release|x64.ActiveCfg = Release|Any CPU
		{F35782ED-B6C6-4698-B291-15DCF6E460D6}.Release|x64.Build.0 = Release|Any CPU
		{F35782ED-B6C6-4698-B291-15DCF6E460D6}.Release|x86.ActiveCfg = Release|Any CPU
		{F35782ED-B6C6-4698-B291-15DCF6E460D6}.Release|x86.Build.0 = Release|Any CPU
		{4D1E20FC-4A0F-496C-A20B-4777FB67DBB0}.Debug|Any CPU.ActiveCfg = Debug|Any CPU
		{4D1E20FC-4A0F-496C-A20B-4777FB67DBB0}.Debug|Any CPU.Build.0 = Debug|Any CPU
		{4D1E20FC-4A0F-496C-A20B-4777FB67DBB0}.Debug|x64.ActiveCfg = Debug|Any CPU
		{4D1E20FC-4A0F-496C-A20B-4777FB67DBB0}.Debug|x64.Build.0 = Debug|Any CPU
		{4D1E20FC-4A0F-496C-A20B-4777FB67DBB0}.Debug|x86.ActiveCfg = Debug|Any CPU
		{4D1E20FC-4A0F-496C-A20B-4777FB67DBB0}.Debug|x86.Build.0 = Debug|Any CPU
		{4D1E20FC-4A0F-496C-A20B-4777FB67DBB0}.Release|Any CPU.ActiveCfg = Release|Any CPU
		{4D1E20FC-4A0F-496C-A20B-4777FB67DBB0}.Release|Any CPU.Build.0 = Release|Any CPU
		{4D1E20FC-4A0F-496C-A20B-4777FB67DBB0}.Release|x64.ActiveCfg = Release|Any CPU
		{4D1E20FC-4A0F-496C-A20B-4777FB67DBB0}.Release|x64.Build.0 = Release|Any CPU
		{4D1E20FC-4A0F-496C-A20B-4777FB67DBB0}.Release|x86.ActiveCfg = Release|Any CPU
		{4D1E20FC-4A0F-496C-A20B-4777FB67DBB0}.Release|x86.Build.0 = Release|Any CPU
		{A531D016-29DD-44EB-A69C-0852AB276A7F}.Debug|Any CPU.ActiveCfg = Debug|Any CPU
		{A531D016-29DD-44EB-A69C-0852AB276A7F}.Debug|Any CPU.Build.0 = Debug|Any CPU
		{A531D016-29DD-44EB-A69C-0852AB276A7F}.Debug|x64.ActiveCfg = Debug|Any CPU
		{A531D016-29DD-44EB-A69C-0852AB276A7F}.Debug|x64.Build.0 = Debug|Any CPU
		{A531D016-29DD-44EB-A69C-0852AB276A7F}.Debug|x86.ActiveCfg = Debug|Any CPU
		{A531D016-29DD-44EB-A69C-0852AB276A7F}.Debug|x86.Build.0 = Debug|Any CPU
		{A531D016-29DD-44EB-A69C-0852AB276A7F}.Release|Any CPU.ActiveCfg = Release|Any CPU
		{A531D016-29DD-44EB-A69C-0852AB276A7F}.Release|Any CPU.Build.0 = Release|Any CPU
		{A531D016-29DD-44EB-A69C-0852AB276A7F}.Release|x64.ActiveCfg = Release|Any CPU
		{A531D016-29DD-44EB-A69C-0852AB276A7F}.Release|x64.Build.0 = Release|Any CPU
		{A531D016-29DD-44EB-A69C-0852AB276A7F}.Release|x86.ActiveCfg = Release|Any CPU
		{A531D016-29DD-44EB-A69C-0852AB276A7F}.Release|x86.Build.0 = Release|Any CPU
		{5BB8BDF1-935A-4666-82B0-F32FB027FA47}.Debug|Any CPU.ActiveCfg = Debug|Any CPU
		{5BB8BDF1-935A-4666-82B0-F32FB027FA47}.Debug|Any CPU.Build.0 = Debug|Any CPU
		{5BB8BDF1-935A-4666-82B0-F32FB027FA47}.Debug|x64.ActiveCfg = Debug|Any CPU
		{5BB8BDF1-935A-4666-82B0-F32FB027FA47}.Debug|x64.Build.0 = Debug|Any CPU
		{5BB8BDF1-935A-4666-82B0-F32FB027FA47}.Debug|x86.ActiveCfg = Debug|Any CPU
		{5BB8BDF1-935A-4666-82B0-F32FB027FA47}.Debug|x86.Build.0 = Debug|Any CPU
		{5BB8BDF1-935A-4666-82B0-F32FB027FA47}.Release|Any CPU.ActiveCfg = Release|Any CPU
		{5BB8BDF1-935A-4666-82B0-F32FB027FA47}.Release|Any CPU.Build.0 = Release|Any CPU
		{5BB8BDF1-935A-4666-82B0-F32FB027FA47}.Release|x64.ActiveCfg = Release|Any CPU
		{5BB8BDF1-935A-4666-82B0-F32FB027FA47}.Release|x64.Build.0 = Release|Any CPU
		{5BB8BDF1-935A-4666-82B0-F32FB027FA47}.Release|x86.ActiveCfg = Release|Any CPU
		{5BB8BDF1-935A-4666-82B0-F32FB027FA47}.Release|x86.Build.0 = Release|Any CPU
		{225812D3-AF75-448F-9BC8-8DDEBA7AFB75}.Debug|Any CPU.ActiveCfg = Debug|Any CPU
		{225812D3-AF75-448F-9BC8-8DDEBA7AFB75}.Debug|Any CPU.Build.0 = Debug|Any CPU
		{225812D3-AF75-448F-9BC8-8DDEBA7AFB75}.Debug|x64.ActiveCfg = Debug|Any CPU
		{225812D3-AF75-448F-9BC8-8DDEBA7AFB75}.Debug|x64.Build.0 = Debug|Any CPU
		{225812D3-AF75-448F-9BC8-8DDEBA7AFB75}.Debug|x86.ActiveCfg = Debug|Any CPU
		{225812D3-AF75-448F-9BC8-8DDEBA7AFB75}.Debug|x86.Build.0 = Debug|Any CPU
		{225812D3-AF75-448F-9BC8-8DDEBA7AFB75}.Release|Any CPU.ActiveCfg = Release|Any CPU
		{225812D3-AF75-448F-9BC8-8DDEBA7AFB75}.Release|Any CPU.Build.0 = Release|Any CPU
		{225812D3-AF75-448F-9BC8-8DDEBA7AFB75}.Release|x64.ActiveCfg = Release|Any CPU
		{225812D3-AF75-448F-9BC8-8DDEBA7AFB75}.Release|x64.Build.0 = Release|Any CPU
		{225812D3-AF75-448F-9BC8-8DDEBA7AFB75}.Release|x86.ActiveCfg = Release|Any CPU
		{225812D3-AF75-448F-9BC8-8DDEBA7AFB75}.Release|x86.Build.0 = Release|Any CPU
		{29B89BEE-9003-49B5-987A-14FD4D3B7D2C}.Debug|Any CPU.ActiveCfg = Debug|Any CPU
		{29B89BEE-9003-49B5-987A-14FD4D3B7D2C}.Debug|Any CPU.Build.0 = Debug|Any CPU
		{29B89BEE-9003-49B5-987A-14FD4D3B7D2C}.Debug|x64.ActiveCfg = Debug|Any CPU
		{29B89BEE-9003-49B5-987A-14FD4D3B7D2C}.Debug|x64.Build.0 = Debug|Any CPU
		{29B89BEE-9003-49B5-987A-14FD4D3B7D2C}.Debug|x86.ActiveCfg = Debug|Any CPU
		{29B89BEE-9003-49B5-987A-14FD4D3B7D2C}.Debug|x86.Build.0 = Debug|Any CPU
		{29B89BEE-9003-49B5-987A-14FD4D3B7D2C}.Release|Any CPU.ActiveCfg = Release|Any CPU
		{29B89BEE-9003-49B5-987A-14FD4D3B7D2C}.Release|Any CPU.Build.0 = Release|Any CPU
		{29B89BEE-9003-49B5-987A-14FD4D3B7D2C}.Release|x64.ActiveCfg = Release|Any CPU
		{29B89BEE-9003-49B5-987A-14FD4D3B7D2C}.Release|x64.Build.0 = Release|Any CPU
		{29B89BEE-9003-49B5-987A-14FD4D3B7D2C}.Release|x86.ActiveCfg = Release|Any CPU
		{29B89BEE-9003-49B5-987A-14FD4D3B7D2C}.Release|x86.Build.0 = Release|Any CPU
		{ADDCE845-7702-4ACB-A77C-71A872461F74}.Debug|Any CPU.ActiveCfg = Debug|Any CPU
		{ADDCE845-7702-4ACB-A77C-71A872461F74}.Debug|Any CPU.Build.0 = Debug|Any CPU
		{ADDCE845-7702-4ACB-A77C-71A872461F74}.Debug|x64.ActiveCfg = Debug|Any CPU
		{ADDCE845-7702-4ACB-A77C-71A872461F74}.Debug|x64.Build.0 = Debug|Any CPU
		{ADDCE845-7702-4ACB-A77C-71A872461F74}.Debug|x86.ActiveCfg = Debug|Any CPU
		{ADDCE845-7702-4ACB-A77C-71A872461F74}.Debug|x86.Build.0 = Debug|Any CPU
		{ADDCE845-7702-4ACB-A77C-71A872461F74}.Release|Any CPU.ActiveCfg = Release|Any CPU
		{ADDCE845-7702-4ACB-A77C-71A872461F74}.Release|Any CPU.Build.0 = Release|Any CPU
		{ADDCE845-7702-4ACB-A77C-71A872461F74}.Release|x64.ActiveCfg = Release|Any CPU
		{ADDCE845-7702-4ACB-A77C-71A872461F74}.Release|x64.Build.0 = Release|Any CPU
		{ADDCE845-7702-4ACB-A77C-71A872461F74}.Release|x86.ActiveCfg = Release|Any CPU
		{ADDCE845-7702-4ACB-A77C-71A872461F74}.Release|x86.Build.0 = Release|Any CPU
		{87BECC38-3F9B-40A5-8E77-AAFB1F5CE400}.Debug|Any CPU.ActiveCfg = Debug|Any CPU
		{87BECC38-3F9B-40A5-8E77-AAFB1F5CE400}.Debug|Any CPU.Build.0 = Debug|Any CPU
		{87BECC38-3F9B-40A5-8E77-AAFB1F5CE400}.Debug|x64.ActiveCfg = Debug|Any CPU
		{87BECC38-3F9B-40A5-8E77-AAFB1F5CE400}.Debug|x64.Build.0 = Debug|Any CPU
		{87BECC38-3F9B-40A5-8E77-AAFB1F5CE400}.Debug|x86.ActiveCfg = Debug|Any CPU
		{87BECC38-3F9B-40A5-8E77-AAFB1F5CE400}.Debug|x86.Build.0 = Debug|Any CPU
		{87BECC38-3F9B-40A5-8E77-AAFB1F5CE400}.Release|Any CPU.ActiveCfg = Release|Any CPU
		{87BECC38-3F9B-40A5-8E77-AAFB1F5CE400}.Release|Any CPU.Build.0 = Release|Any CPU
		{87BECC38-3F9B-40A5-8E77-AAFB1F5CE400}.Release|x64.ActiveCfg = Release|Any CPU
		{87BECC38-3F9B-40A5-8E77-AAFB1F5CE400}.Release|x64.Build.0 = Release|Any CPU
		{87BECC38-3F9B-40A5-8E77-AAFB1F5CE400}.Release|x86.ActiveCfg = Release|Any CPU
		{87BECC38-3F9B-40A5-8E77-AAFB1F5CE400}.Release|x86.Build.0 = Release|Any CPU
		{0A287B6B-C648-4358-BFCF-E8A5A3274D62}.Debug|Any CPU.ActiveCfg = Debug|Any CPU
		{0A287B6B-C648-4358-BFCF-E8A5A3274D62}.Debug|Any CPU.Build.0 = Debug|Any CPU
		{0A287B6B-C648-4358-BFCF-E8A5A3274D62}.Debug|x64.ActiveCfg = Debug|Any CPU
		{0A287B6B-C648-4358-BFCF-E8A5A3274D62}.Debug|x64.Build.0 = Debug|Any CPU
		{0A287B6B-C648-4358-BFCF-E8A5A3274D62}.Debug|x86.ActiveCfg = Debug|Any CPU
		{0A287B6B-C648-4358-BFCF-E8A5A3274D62}.Debug|x86.Build.0 = Debug|Any CPU
		{0A287B6B-C648-4358-BFCF-E8A5A3274D62}.Release|Any CPU.ActiveCfg = Release|Any CPU
		{0A287B6B-C648-4358-BFCF-E8A5A3274D62}.Release|Any CPU.Build.0 = Release|Any CPU
		{0A287B6B-C648-4358-BFCF-E8A5A3274D62}.Release|x64.ActiveCfg = Release|Any CPU
		{0A287B6B-C648-4358-BFCF-E8A5A3274D62}.Release|x64.Build.0 = Release|Any CPU
		{0A287B6B-C648-4358-BFCF-E8A5A3274D62}.Release|x86.ActiveCfg = Release|Any CPU
		{0A287B6B-C648-4358-BFCF-E8A5A3274D62}.Release|x86.Build.0 = Release|Any CPU
		{E45854BE-3DE5-4A82-892A-81D6AB11D603}.Debug|Any CPU.ActiveCfg = Debug|Any CPU
		{E45854BE-3DE5-4A82-892A-81D6AB11D603}.Debug|Any CPU.Build.0 = Debug|Any CPU
		{E45854BE-3DE5-4A82-892A-81D6AB11D603}.Debug|x64.ActiveCfg = Debug|Any CPU
		{E45854BE-3DE5-4A82-892A-81D6AB11D603}.Debug|x64.Build.0 = Debug|Any CPU
		{E45854BE-3DE5-4A82-892A-81D6AB11D603}.Debug|x86.ActiveCfg = Debug|Any CPU
		{E45854BE-3DE5-4A82-892A-81D6AB11D603}.Debug|x86.Build.0 = Debug|Any CPU
		{E45854BE-3DE5-4A82-892A-81D6AB11D603}.Release|Any CPU.ActiveCfg = Release|Any CPU
		{E45854BE-3DE5-4A82-892A-81D6AB11D603}.Release|Any CPU.Build.0 = Release|Any CPU
		{E45854BE-3DE5-4A82-892A-81D6AB11D603}.Release|x64.ActiveCfg = Release|Any CPU
		{E45854BE-3DE5-4A82-892A-81D6AB11D603}.Release|x64.Build.0 = Release|Any CPU
		{E45854BE-3DE5-4A82-892A-81D6AB11D603}.Release|x86.ActiveCfg = Release|Any CPU
		{E45854BE-3DE5-4A82-892A-81D6AB11D603}.Release|x86.Build.0 = Release|Any CPU
		{1AB2A2C2-E822-4BC6-9A03-6E0AEDFDC89B}.Debug|Any CPU.ActiveCfg = Debug|Any CPU
		{1AB2A2C2-E822-4BC6-9A03-6E0AEDFDC89B}.Debug|Any CPU.Build.0 = Debug|Any CPU
		{1AB2A2C2-E822-4BC6-9A03-6E0AEDFDC89B}.Debug|x64.ActiveCfg = Debug|Any CPU
		{1AB2A2C2-E822-4BC6-9A03-6E0AEDFDC89B}.Debug|x64.Build.0 = Debug|Any CPU
		{1AB2A2C2-E822-4BC6-9A03-6E0AEDFDC89B}.Debug|x86.ActiveCfg = Debug|Any CPU
		{1AB2A2C2-E822-4BC6-9A03-6E0AEDFDC89B}.Debug|x86.Build.0 = Debug|Any CPU
		{1AB2A2C2-E822-4BC6-9A03-6E0AEDFDC89B}.Release|Any CPU.ActiveCfg = Release|Any CPU
		{1AB2A2C2-E822-4BC6-9A03-6E0AEDFDC89B}.Release|Any CPU.Build.0 = Release|Any CPU
		{1AB2A2C2-E822-4BC6-9A03-6E0AEDFDC89B}.Release|x64.ActiveCfg = Release|Any CPU
		{1AB2A2C2-E822-4BC6-9A03-6E0AEDFDC89B}.Release|x64.Build.0 = Release|Any CPU
		{1AB2A2C2-E822-4BC6-9A03-6E0AEDFDC89B}.Release|x86.ActiveCfg = Release|Any CPU
		{1AB2A2C2-E822-4BC6-9A03-6E0AEDFDC89B}.Release|x86.Build.0 = Release|Any CPU
		{8515D9A7-350A-420A-A8B3-9873D16C5FD9}.Debug|Any CPU.ActiveCfg = Debug|Any CPU
		{8515D9A7-350A-420A-A8B3-9873D16C5FD9}.Debug|Any CPU.Build.0 = Debug|Any CPU
		{8515D9A7-350A-420A-A8B3-9873D16C5FD9}.Debug|x64.ActiveCfg = Debug|Any CPU
		{8515D9A7-350A-420A-A8B3-9873D16C5FD9}.Debug|x64.Build.0 = Debug|Any CPU
		{8515D9A7-350A-420A-A8B3-9873D16C5FD9}.Debug|x86.ActiveCfg = Debug|Any CPU
		{8515D9A7-350A-420A-A8B3-9873D16C5FD9}.Debug|x86.Build.0 = Debug|Any CPU
		{8515D9A7-350A-420A-A8B3-9873D16C5FD9}.Release|Any CPU.ActiveCfg = Release|Any CPU
		{8515D9A7-350A-420A-A8B3-9873D16C5FD9}.Release|Any CPU.Build.0 = Release|Any CPU
		{8515D9A7-350A-420A-A8B3-9873D16C5FD9}.Release|x64.ActiveCfg = Release|Any CPU
		{8515D9A7-350A-420A-A8B3-9873D16C5FD9}.Release|x64.Build.0 = Release|Any CPU
		{8515D9A7-350A-420A-A8B3-9873D16C5FD9}.Release|x86.ActiveCfg = Release|Any CPU
		{8515D9A7-350A-420A-A8B3-9873D16C5FD9}.Release|x86.Build.0 = Release|Any CPU
	EndGlobalSection
	GlobalSection(SolutionProperties) = preSolution
		HideSolutionNode = FALSE
	EndGlobalSection
	GlobalSection(NestedProjects) = preSolution
		{5AA90EAB-2210-43D2-62C5-1F3A7D321F7F} = {3527A341-8E45-098F-D01C-90881C9ACF29}
		{927763C8-782C-4846-9F01-E57095161645} = {5AA90EAB-2210-43D2-62C5-1F3A7D321F7F}
		{F35782ED-B6C6-4698-B291-15DCF6E460D6} = {02EA681E-C7D8-13C7-8484-4AC65E1B71E8}
		{02EA681E-C7D8-13C7-8484-4AC65E1B71E8} = {3527A341-8E45-098F-D01C-90881C9ACF29}
		{FD457307-E9F0-4CE6-B234-B459BA922601} = {B0BA1DA7-754B-4A9D-8ABB-4C09AD783165}
		{4D1E20FC-4A0F-496C-A20B-4777FB67DBB0} = {FD457307-E9F0-4CE6-B234-B459BA922601}
		{32C8DD87-DDE5-4F35-AF5F-8D8787B008F6} = {B0BA1DA7-754B-4A9D-8ABB-4C09AD783165}
		{A531D016-29DD-44EB-A69C-0852AB276A7F} = {32C8DD87-DDE5-4F35-AF5F-8D8787B008F6}
		{C7C6673D-69DE-4021-9F7D-7F7294658D69} = {B18BAE26-692C-4B46-B472-647D44F10CC6}
		{5BB8BDF1-935A-4666-82B0-F32FB027FA47} = {C7C6673D-69DE-4021-9F7D-7F7294658D69}
		{312708E3-F1A9-40E0-A4C2-8C6467002E3F} = {B18BAE26-692C-4B46-B472-647D44F10CC6}
		{225812D3-AF75-448F-9BC8-8DDEBA7AFB75} = {312708E3-F1A9-40E0-A4C2-8C6467002E3F}
		{68C291FB-673D-4E63-A2C1-F59CEA1EE430} = {BAD81C7B-F7F9-4129-9B93-1F8AA12BEB54}
		{29B89BEE-9003-49B5-987A-14FD4D3B7D2C} = {68C291FB-673D-4E63-A2C1-F59CEA1EE430}
		{9FB6837C-2F14-483B-8B6B-F173571ADEBC} = {BAD81C7B-F7F9-4129-9B93-1F8AA12BEB54}
		{ADDCE845-7702-4ACB-A77C-71A872461F74} = {9FB6837C-2F14-483B-8B6B-F173571ADEBC}
		{D1133D15-0CB2-41BA-9395-294FAF3A1F70} = {4579B13D-40CA-40A7-B9E6-C306086876B0}
		{87BECC38-3F9B-40A5-8E77-AAFB1F5CE400} = {D1133D15-0CB2-41BA-9395-294FAF3A1F70}
		{E253604B-CF3C-40BD-85DF-9F2C7316373A} = {4579B13D-40CA-40A7-B9E6-C306086876B0}
		{0A287B6B-C648-4358-BFCF-E8A5A3274D62} = {E253604B-CF3C-40BD-85DF-9F2C7316373A}
		{6A4306F9-94D9-4001-8B3B-3EE451E4D3DD} = {4579B13D-40CA-40A7-B9E6-C306086876B0}
		{E45854BE-3DE5-4A82-892A-81D6AB11D603} = {6A4306F9-94D9-4001-8B3B-3EE451E4D3DD}
		{06DD160F-3AFF-4FB9-816C-5B987B1BD101} = {4579B13D-40CA-40A7-B9E6-C306086876B0}
		{1AB2A2C2-E822-4BC6-9A03-6E0AEDFDC89B} = {06DD160F-3AFF-4FB9-816C-5B987B1BD101}
		{E0F5FCDD-1BD3-4B58-A2B3-97ABEEF330EC} = {4579B13D-40CA-40A7-B9E6-C306086876B0}
		{8515D9A7-350A-420A-A8B3-9873D16C5FD9} = {E0F5FCDD-1BD3-4B58-A2B3-97ABEEF330EC}
	EndGlobalSection
	GlobalSection(ExtensibilityGlobals) = postSolution
		SolutionGuid = {42F464FF-12D4-4841-8A5C-049B96DAA947}
	EndGlobalSection
EndGlobal
